// !$*UTF8*$!
{
	archiveVersion = 1;
	classes = {
	};
	objectVersion = 55;
	objects = {

/* Begin PBXBuildFile section */
		480790162796ADA900FB6F9B /* HomeTableViewCell.swift in Sources */ = {isa = PBXBuildFile; fileRef = 480790152796ADA900FB6F9B /* HomeTableViewCell.swift */; };
		480790182796ADF100FB6F9B /* NSObject+Extension.swift in Sources */ = {isa = PBXBuildFile; fileRef = 480790172796ADF100FB6F9B /* NSObject+Extension.swift */; };
		4807901C27970F0200FB6F9B /* UserDefault.swift in Sources */ = {isa = PBXBuildFile; fileRef = 4807901B27970F0200FB6F9B /* UserDefault.swift */; };
		4807902027973D6C00FB6F9B /* Then in Frameworks */ = {isa = PBXBuildFile; productRef = 4807901F27973D6C00FB6F9B /* Then */; };
		480790262797469900FB6F9B /* DetailPlanRouter.swift in Sources */ = {isa = PBXBuildFile; fileRef = 480790222797469900FB6F9B /* DetailPlanRouter.swift */; };
		480790272797469900FB6F9B /* DetailPlanBuilder.swift in Sources */ = {isa = PBXBuildFile; fileRef = 480790232797469900FB6F9B /* DetailPlanBuilder.swift */; };
		480790282797469900FB6F9B /* DetailPlanViewController.swift in Sources */ = {isa = PBXBuildFile; fileRef = 480790242797469900FB6F9B /* DetailPlanViewController.swift */; };
		480790292797469900FB6F9B /* DetailPlanInteractor.swift in Sources */ = {isa = PBXBuildFile; fileRef = 480790252797469900FB6F9B /* DetailPlanInteractor.swift */; };
		4807902B279746B900FB6F9B /* HomeComponent+DetailPlan.swift in Sources */ = {isa = PBXBuildFile; fileRef = 4807902A279746B900FB6F9B /* HomeComponent+DetailPlan.swift */; };
		480CBB01279EB95C00111CE6 /* GoogleMapLink.swift in Sources */ = {isa = PBXBuildFile; fileRef = 480CBB00279EB95C00111CE6 /* GoogleMapLink.swift */; };
		480CBB03279ECBBF00111CE6 /* CalendarService.swift in Sources */ = {isa = PBXBuildFile; fileRef = 480CBB02279ECBBF00111CE6 /* CalendarService.swift */; };
		480CBB05279EFCC900111CE6 /* KakaoLinkService.swift in Sources */ = {isa = PBXBuildFile; fileRef = 480CBB04279EFCC900111CE6 /* KakaoLinkService.swift */; };
		480E00CB2788351500EEA4E6 /* AppDelegate.swift in Sources */ = {isa = PBXBuildFile; fileRef = 480E00CA2788351500EEA4E6 /* AppDelegate.swift */; };
		480E00CD2788351500EEA4E6 /* SceneDelegate.swift in Sources */ = {isa = PBXBuildFile; fileRef = 480E00CC2788351500EEA4E6 /* SceneDelegate.swift */; };
		480E00D72788351700EEA4E6 /* Assets.xcassets in Resources */ = {isa = PBXBuildFile; fileRef = 480E00D62788351700EEA4E6 /* Assets.xcassets */; };
		480E00DA2788351700EEA4E6 /* LaunchScreen.storyboard in Resources */ = {isa = PBXBuildFile; fileRef = 480E00D82788351700EEA4E6 /* LaunchScreen.storyboard */; };
		480E00E52788351700EEA4E6 /* PlanShareTests.swift in Sources */ = {isa = PBXBuildFile; fileRef = 480E00E42788351700EEA4E6 /* PlanShareTests.swift */; };
		480E00EF2788351700EEA4E6 /* PlanShareUITests.swift in Sources */ = {isa = PBXBuildFile; fileRef = 480E00EE2788351700EEA4E6 /* PlanShareUITests.swift */; };
		480E00F12788351700EEA4E6 /* PlanShareUITestsLaunchTests.swift in Sources */ = {isa = PBXBuildFile; fileRef = 480E00F02788351700EEA4E6 /* PlanShareUITestsLaunchTests.swift */; };
		480E0100278837CF00EEA4E6 /* GoogleService-Info.plist in Resources */ = {isa = PBXBuildFile; fileRef = 480E00FF278837CF00EEA4E6 /* GoogleService-Info.plist */; };
		482CF497279DC0AD00316C45 /* PlanModel.swift in Sources */ = {isa = PBXBuildFile; fileRef = 482CF496279DC0AD00316C45 /* PlanModel.swift */; };
		482CF499279DC0F100316C45 /* SQLiteEnable.swift in Sources */ = {isa = PBXBuildFile; fileRef = 482CF498279DC0F100316C45 /* SQLiteEnable.swift */; };
		483CAAC2278E88C100749657 /* FirebaseDatabase in Frameworks */ = {isa = PBXBuildFile; productRef = 483CAAC1278E88C100749657 /* FirebaseDatabase */; };
		483CAAC4278E91C100749657 /* FireStore+Extension.swift in Sources */ = {isa = PBXBuildFile; fileRef = 483CAAC3278E91C100749657 /* FireStore+Extension.swift */; };
		483CAAC6278ECF3800749657 /* XCTestCase+Extension.swift in Sources */ = {isa = PBXBuildFile; fileRef = 483CAAC5278ECF3800749657 /* XCTestCase+Extension.swift */; };
		483CAAC8278EE56100749657 /* FirebaseFirestoreSwift-Beta in Frameworks */ = {isa = PBXBuildFile; productRef = 483CAAC7278EE56100749657 /* FirebaseFirestoreSwift-Beta */; };
		483CAACA278EF2F200749657 /* FirestoreCodable.swift in Sources */ = {isa = PBXBuildFile; fileRef = 483CAAC9278EF2F200749657 /* FirestoreCodable.swift */; };
		483EE869278957A60030DE1B /* KakaoSDKCommon in Frameworks */ = {isa = PBXBuildFile; productRef = 483EE868278957A60030DE1B /* KakaoSDKCommon */; };
		483EE86B278957A60030DE1B /* KakaoSDKLink in Frameworks */ = {isa = PBXBuildFile; productRef = 483EE86A278957A60030DE1B /* KakaoSDKLink */; };
		483EE86D278957A60030DE1B /* KakaoSDKTemplate in Frameworks */ = {isa = PBXBuildFile; productRef = 483EE86C278957A60030DE1B /* KakaoSDKTemplate */; };
		483EE87027895D4A0030DE1B /* RxKakaoSDKCommon in Frameworks */ = {isa = PBXBuildFile; productRef = 483EE86F27895D4A0030DE1B /* RxKakaoSDKCommon */; };
		483EE87227895D4A0030DE1B /* RxKakaoSDKLink in Frameworks */ = {isa = PBXBuildFile; productRef = 483EE87127895D4A0030DE1B /* RxKakaoSDKLink */; };
		483EE913278C25920030DE1B /* RootRouter.swift in Sources */ = {isa = PBXBuildFile; fileRef = 483EE90F278C25920030DE1B /* RootRouter.swift */; };
		483EE914278C25920030DE1B /* RootBuilder.swift in Sources */ = {isa = PBXBuildFile; fileRef = 483EE910278C25920030DE1B /* RootBuilder.swift */; };
		483EE915278C25920030DE1B /* RootViewController.swift in Sources */ = {isa = PBXBuildFile; fileRef = 483EE911278C25920030DE1B /* RootViewController.swift */; };
		483EE916278C25920030DE1B /* RootInteractor.swift in Sources */ = {isa = PBXBuildFile; fileRef = 483EE912278C25920030DE1B /* RootInteractor.swift */; };
		483EE91A278C26350030DE1B /* AppComopnent.swift in Sources */ = {isa = PBXBuildFile; fileRef = 483EE919278C26350030DE1B /* AppComopnent.swift */; };
		483EE91E278C272F0030DE1B /* RIBs in Frameworks */ = {isa = PBXBuildFile; productRef = 483EE91D278C272F0030DE1B /* RIBs */; };
		483EE924278C28A30030DE1B /* HomeRouter.swift in Sources */ = {isa = PBXBuildFile; fileRef = 483EE920278C28A30030DE1B /* HomeRouter.swift */; };
		483EE925278C28A30030DE1B /* HomeBuilder.swift in Sources */ = {isa = PBXBuildFile; fileRef = 483EE921278C28A30030DE1B /* HomeBuilder.swift */; };
		483EE926278C28A30030DE1B /* HomeViewController.swift in Sources */ = {isa = PBXBuildFile; fileRef = 483EE922278C28A30030DE1B /* HomeViewController.swift */; };
		483EE927278C28A30030DE1B /* HomeInteractor.swift in Sources */ = {isa = PBXBuildFile; fileRef = 483EE923278C28A30030DE1B /* HomeInteractor.swift */; };
		483EE92E278C29700030DE1B /* EditingRouter.swift in Sources */ = {isa = PBXBuildFile; fileRef = 483EE92A278C29700030DE1B /* EditingRouter.swift */; };
		483EE92F278C29700030DE1B /* EditingBuilder.swift in Sources */ = {isa = PBXBuildFile; fileRef = 483EE92B278C29700030DE1B /* EditingBuilder.swift */; };
		483EE930278C29700030DE1B /* EditingViewController.swift in Sources */ = {isa = PBXBuildFile; fileRef = 483EE92C278C29700030DE1B /* EditingViewController.swift */; };
		483EE931278C29700030DE1B /* EditingInteractor.swift in Sources */ = {isa = PBXBuildFile; fileRef = 483EE92D278C29700030DE1B /* EditingInteractor.swift */; };
		483EE933278C2A950030DE1B /* RootComponent+Home.swift in Sources */ = {isa = PBXBuildFile; fileRef = 483EE932278C2A950030DE1B /* RootComponent+Home.swift */; };
		483EE93A278C32F60030DE1B /* FlexLayout in Frameworks */ = {isa = PBXBuildFile; productRef = 483EE939278C32F60030DE1B /* FlexLayout */; };
		483EE93C278C32F60030DE1B /* FlexLayoutYoga in Frameworks */ = {isa = PBXBuildFile; productRef = 483EE93B278C32F60030DE1B /* FlexLayoutYoga */; };
		483EE93E278C32F60030DE1B /* FlexLayoutYogaKit in Frameworks */ = {isa = PBXBuildFile; productRef = 483EE93D278C32F60030DE1B /* FlexLayoutYogaKit */; };
		483EE941278C33A20030DE1B /* PinLayout in Frameworks */ = {isa = PBXBuildFile; productRef = 483EE940278C33A20030DE1B /* PinLayout */; };
		483EE948278C3D9C0030DE1B /* FirebaseService.swift in Sources */ = {isa = PBXBuildFile; fileRef = 483EE947278C3D9C0030DE1B /* FirebaseService.swift */; };
		483EE94B278C3EAF0030DE1B /* Plan.swift in Sources */ = {isa = PBXBuildFile; fileRef = 483EE94A278C3EAF0030DE1B /* Plan.swift */; };
		483EE94D278CBF2B0030DE1B /* Place.swift in Sources */ = {isa = PBXBuildFile; fileRef = 483EE94C278CBF2A0030DE1B /* Place.swift */; };
		484FF12C279831DB0065317B /* HomeComponent+Editing.swift in Sources */ = {isa = PBXBuildFile; fileRef = 484FF12B279831DB0065317B /* HomeComponent+Editing.swift */; };
		484FF134279837D50065317B /* PlaceSelectingRouter.swift in Sources */ = {isa = PBXBuildFile; fileRef = 484FF130279837D50065317B /* PlaceSelectingRouter.swift */; };
		484FF135279837D50065317B /* PlaceSelectingBuilder.swift in Sources */ = {isa = PBXBuildFile; fileRef = 484FF131279837D50065317B /* PlaceSelectingBuilder.swift */; };
		484FF136279837D50065317B /* PlaceSelectingViewController.swift in Sources */ = {isa = PBXBuildFile; fileRef = 484FF132279837D50065317B /* PlaceSelectingViewController.swift */; };
		484FF137279837D50065317B /* PlaceSelectingInteractor.swift in Sources */ = {isa = PBXBuildFile; fileRef = 484FF133279837D50065317B /* PlaceSelectingInteractor.swift */; };
		484FF139279839730065317B /* EditingComponent+PlaceSelecting.swift in Sources */ = {isa = PBXBuildFile; fileRef = 484FF138279839730065317B /* EditingComponent+PlaceSelecting.swift */; };
		48716A3E278856BF00D24722 /* GooglePlaces in Frameworks */ = {isa = PBXBuildFile; productRef = 48716A3D278856BF00D24722 /* GooglePlaces */; };
		48716A40278858B900D24722 /* shared.xcconfig in Resources */ = {isa = PBXBuildFile; fileRef = 48716A3F278858B900D24722 /* shared.xcconfig */; };
		48716A42278859A200D24722 /* Constraints.swift in Sources */ = {isa = PBXBuildFile; fileRef = 48716A41278859A200D24722 /* Constraints.swift */; };
		48716A4527885C2400D24722 /* FirebaseDynamicLinks in Frameworks */ = {isa = PBXBuildFile; productRef = 48716A4427885C2400D24722 /* FirebaseDynamicLinks */; };
		48716A4727885C2400D24722 /* FirebaseFirestore in Frameworks */ = {isa = PBXBuildFile; productRef = 48716A4627885C2400D24722 /* FirebaseFirestore */; };
		487C7A202788700B00F1528B /* RxBlocking in Frameworks */ = {isa = PBXBuildFile; productRef = 487C7A1F2788700B00F1528B /* RxBlocking */; };
		487C7A222788700B00F1528B /* RxCocoa in Frameworks */ = {isa = PBXBuildFile; productRef = 487C7A212788700B00F1528B /* RxCocoa */; };
		487C7A242788700B00F1528B /* RxRelay in Frameworks */ = {isa = PBXBuildFile; productRef = 487C7A232788700B00F1528B /* RxRelay */; };
		487C7A262788700B00F1528B /* RxSwift in Frameworks */ = {isa = PBXBuildFile; productRef = 487C7A252788700B00F1528B /* RxSwift */; };
		487C7A282788700B00F1528B /* RxTest in Frameworks */ = {isa = PBXBuildFile; productRef = 487C7A272788700B00F1528B /* RxTest */; };
		48A2A1472799DA5E00E735D8 /* MarkedMapRouter.swift in Sources */ = {isa = PBXBuildFile; fileRef = 48A2A1432799DA5E00E735D8 /* MarkedMapRouter.swift */; };
		48A2A1482799DA5E00E735D8 /* MarkedMapBuilder.swift in Sources */ = {isa = PBXBuildFile; fileRef = 48A2A1442799DA5E00E735D8 /* MarkedMapBuilder.swift */; };
		48A2A1492799DA5E00E735D8 /* MarkedMapViewController.swift in Sources */ = {isa = PBXBuildFile; fileRef = 48A2A1452799DA5E00E735D8 /* MarkedMapViewController.swift */; };
		48A2A14A2799DA5E00E735D8 /* MarkedMapInteractor.swift in Sources */ = {isa = PBXBuildFile; fileRef = 48A2A1462799DA5E00E735D8 /* MarkedMapInteractor.swift */; };
		48A2A14C2799DCA300E735D8 /* DetailPlanComponent+MarkedMap.swift in Sources */ = {isa = PBXBuildFile; fileRef = 48A2A14B2799DCA300E735D8 /* DetailPlanComponent+MarkedMap.swift */; };
		48A2A14E2799E19D00E735D8 /* Date+Extension.swift in Sources */ = {isa = PBXBuildFile; fileRef = 48A2A14D2799E19D00E735D8 /* Date+Extension.swift */; };
		48A2A1512799EEA200E735D8 /* RxGesture in Frameworks */ = {isa = PBXBuildFile; productRef = 48A2A1502799EEA200E735D8 /* RxGesture */; };
		48ADBE59279AB28A00B0FB92 /* ViewableRouting+Extension.swift in Sources */ = {isa = PBXBuildFile; fileRef = 48ADBE58279AB28A00B0FB92 /* ViewableRouting+Extension.swift */; };
		48ADBE5B279AF1CA00B0FB92 /* SearchResultUpdating+Rx.swift in Sources */ = {isa = PBXBuildFile; fileRef = 48ADBE5A279AF1CA00B0FB92 /* SearchResultUpdating+Rx.swift */; };
		48ADBE5D279B0E4300B0FB92 /* PlaceSelectingTableViewCell.swift in Sources */ = {isa = PBXBuildFile; fileRef = 48ADBE5C279B0E4300B0FB92 /* PlaceSelectingTableViewCell.swift */; };
		48ADBE5F279B1BC200B0FB92 /* PlaceSelectingComponent+MarkedMap.swift in Sources */ = {isa = PBXBuildFile; fileRef = 48ADBE5E279B1BC200B0FB92 /* PlaceSelectingComponent+MarkedMap.swift */; };
		48BED638279D2D9100268C16 /* Log.swift in Sources */ = {isa = PBXBuildFile; fileRef = 48BED637279D2D9100268C16 /* Log.swift */; };
		48BED63A279D3C9C00268C16 /* SQLiteService.swift in Sources */ = {isa = PBXBuildFile; fileRef = 48BED639279D3C9C00268C16 /* SQLiteService.swift */; };
		48C93DB027908BB800E240F5 /* UpdateModel.swift in Sources */ = {isa = PBXBuildFile; fileRef = 48C93DAF27908BB800E240F5 /* UpdateModel.swift */; };
		48C93DB2279095FB00E240F5 /* FireStoreTestCase.swift in Sources */ = {isa = PBXBuildFile; fileRef = 48C93DB1279095FB00E240F5 /* FireStoreTestCase.swift */; };
		48DC7B2727997B590068FA1B /* PlaceService.swift in Sources */ = {isa = PBXBuildFile; fileRef = 48DC7B2627997B580068FA1B /* PlaceService.swift */; };
		48DC7B2927997FE80068FA1B /* PlaceSearchResult.swift in Sources */ = {isa = PBXBuildFile; fileRef = 48DC7B2827997FE80068FA1B /* PlaceSearchResult.swift */; };
		48DC7B2B27998AD90068FA1B /* PlacesTests.swift in Sources */ = {isa = PBXBuildFile; fileRef = 48DC7B2A27998AD90068FA1B /* PlacesTests.swift */; };
		48DC7B2D2799A5BC0068FA1B /* CLLocationCoordinate2D+Extension.swift in Sources */ = {isa = PBXBuildFile; fileRef = 48DC7B2C2799A5BC0068FA1B /* CLLocationCoordinate2D+Extension.swift */; };
		48DC7B312799D6690068FA1B /* ViewControllerable+Extension.swift in Sources */ = {isa = PBXBuildFile; fileRef = 48DC7B302799D6690068FA1B /* ViewControllerable+Extension.swift */; };
/* End PBXBuildFile section */

/* Begin PBXContainerItemProxy section */
		480E00E12788351700EEA4E6 /* PBXContainerItemProxy */ = {
			isa = PBXContainerItemProxy;
			containerPortal = 480E00BF2788351400EEA4E6 /* Project object */;
			proxyType = 1;
			remoteGlobalIDString = 480E00C62788351400EEA4E6;
			remoteInfo = PlanShare;
		};
		480E00EB2788351700EEA4E6 /* PBXContainerItemProxy */ = {
			isa = PBXContainerItemProxy;
			containerPortal = 480E00BF2788351400EEA4E6 /* Project object */;
			proxyType = 1;
			remoteGlobalIDString = 480E00C62788351400EEA4E6;
			remoteInfo = PlanShare;
		};
/* End PBXContainerItemProxy section */

/* Begin PBXFileReference section */
		480790152796ADA900FB6F9B /* HomeTableViewCell.swift */ = {isa = PBXFileReference; lastKnownFileType = sourcecode.swift; path = HomeTableViewCell.swift; sourceTree = "<group>"; };
		480790172796ADF100FB6F9B /* NSObject+Extension.swift */ = {isa = PBXFileReference; lastKnownFileType = sourcecode.swift; path = "NSObject+Extension.swift"; sourceTree = "<group>"; };
		4807901B27970F0200FB6F9B /* UserDefault.swift */ = {isa = PBXFileReference; lastKnownFileType = sourcecode.swift; path = UserDefault.swift; sourceTree = "<group>"; };
		480790222797469900FB6F9B /* DetailPlanRouter.swift */ = {isa = PBXFileReference; lastKnownFileType = sourcecode.swift; path = DetailPlanRouter.swift; sourceTree = "<group>"; };
		480790232797469900FB6F9B /* DetailPlanBuilder.swift */ = {isa = PBXFileReference; lastKnownFileType = sourcecode.swift; path = DetailPlanBuilder.swift; sourceTree = "<group>"; };
		480790242797469900FB6F9B /* DetailPlanViewController.swift */ = {isa = PBXFileReference; lastKnownFileType = sourcecode.swift; path = DetailPlanViewController.swift; sourceTree = "<group>"; };
		480790252797469900FB6F9B /* DetailPlanInteractor.swift */ = {isa = PBXFileReference; lastKnownFileType = sourcecode.swift; path = DetailPlanInteractor.swift; sourceTree = "<group>"; };
		4807902A279746B900FB6F9B /* HomeComponent+DetailPlan.swift */ = {isa = PBXFileReference; lastKnownFileType = sourcecode.swift; path = "HomeComponent+DetailPlan.swift"; sourceTree = "<group>"; };
		480CBB00279EB95C00111CE6 /* GoogleMapLink.swift */ = {isa = PBXFileReference; lastKnownFileType = sourcecode.swift; path = GoogleMapLink.swift; sourceTree = "<group>"; };
		480CBB02279ECBBF00111CE6 /* CalendarService.swift */ = {isa = PBXFileReference; lastKnownFileType = sourcecode.swift; path = CalendarService.swift; sourceTree = "<group>"; };
		480CBB04279EFCC900111CE6 /* KakaoLinkService.swift */ = {isa = PBXFileReference; lastKnownFileType = sourcecode.swift; path = KakaoLinkService.swift; sourceTree = "<group>"; };
		480E00C72788351500EEA4E6 /* PlanShare.app */ = {isa = PBXFileReference; explicitFileType = wrapper.application; includeInIndex = 0; path = PlanShare.app; sourceTree = BUILT_PRODUCTS_DIR; };
		480E00CA2788351500EEA4E6 /* AppDelegate.swift */ = {isa = PBXFileReference; lastKnownFileType = sourcecode.swift; path = AppDelegate.swift; sourceTree = "<group>"; };
		480E00CC2788351500EEA4E6 /* SceneDelegate.swift */ = {isa = PBXFileReference; lastKnownFileType = sourcecode.swift; path = SceneDelegate.swift; sourceTree = "<group>"; };
		480E00D62788351700EEA4E6 /* Assets.xcassets */ = {isa = PBXFileReference; lastKnownFileType = folder.assetcatalog; path = Assets.xcassets; sourceTree = "<group>"; };
		480E00D92788351700EEA4E6 /* Base */ = {isa = PBXFileReference; lastKnownFileType = file.storyboard; name = Base; path = Base.lproj/LaunchScreen.storyboard; sourceTree = "<group>"; };
		480E00DB2788351700EEA4E6 /* Info.plist */ = {isa = PBXFileReference; lastKnownFileType = text.plist.xml; path = Info.plist; sourceTree = "<group>"; };
		480E00E02788351700EEA4E6 /* PlanShareTests.xctest */ = {isa = PBXFileReference; explicitFileType = wrapper.cfbundle; includeInIndex = 0; path = PlanShareTests.xctest; sourceTree = BUILT_PRODUCTS_DIR; };
		480E00E42788351700EEA4E6 /* PlanShareTests.swift */ = {isa = PBXFileReference; lastKnownFileType = sourcecode.swift; path = PlanShareTests.swift; sourceTree = "<group>"; };
		480E00EA2788351700EEA4E6 /* PlanShareUITests.xctest */ = {isa = PBXFileReference; explicitFileType = wrapper.cfbundle; includeInIndex = 0; path = PlanShareUITests.xctest; sourceTree = BUILT_PRODUCTS_DIR; };
		480E00EE2788351700EEA4E6 /* PlanShareUITests.swift */ = {isa = PBXFileReference; lastKnownFileType = sourcecode.swift; path = PlanShareUITests.swift; sourceTree = "<group>"; };
		480E00F02788351700EEA4E6 /* PlanShareUITestsLaunchTests.swift */ = {isa = PBXFileReference; lastKnownFileType = sourcecode.swift; path = PlanShareUITestsLaunchTests.swift; sourceTree = "<group>"; };
		480E00FF278837CF00EEA4E6 /* GoogleService-Info.plist */ = {isa = PBXFileReference; fileEncoding = 4; lastKnownFileType = text.plist.xml; path = "GoogleService-Info.plist"; sourceTree = "<group>"; };
		482CF496279DC0AD00316C45 /* PlanModel.swift */ = {isa = PBXFileReference; lastKnownFileType = sourcecode.swift; path = PlanModel.swift; sourceTree = "<group>"; };
		482CF498279DC0F100316C45 /* SQLiteEnable.swift */ = {isa = PBXFileReference; lastKnownFileType = sourcecode.swift; path = SQLiteEnable.swift; sourceTree = "<group>"; };
		483CAAC3278E91C100749657 /* FireStore+Extension.swift */ = {isa = PBXFileReference; lastKnownFileType = sourcecode.swift; path = "FireStore+Extension.swift"; sourceTree = "<group>"; };
		483CAAC5278ECF3800749657 /* XCTestCase+Extension.swift */ = {isa = PBXFileReference; lastKnownFileType = sourcecode.swift; path = "XCTestCase+Extension.swift"; sourceTree = "<group>"; };
		483CAAC9278EF2F200749657 /* FirestoreCodable.swift */ = {isa = PBXFileReference; lastKnownFileType = sourcecode.swift; path = FirestoreCodable.swift; sourceTree = "<group>"; };
		483EE90F278C25920030DE1B /* RootRouter.swift */ = {isa = PBXFileReference; lastKnownFileType = sourcecode.swift; path = RootRouter.swift; sourceTree = "<group>"; };
		483EE910278C25920030DE1B /* RootBuilder.swift */ = {isa = PBXFileReference; lastKnownFileType = sourcecode.swift; path = RootBuilder.swift; sourceTree = "<group>"; };
		483EE911278C25920030DE1B /* RootViewController.swift */ = {isa = PBXFileReference; lastKnownFileType = sourcecode.swift; path = RootViewController.swift; sourceTree = "<group>"; };
		483EE912278C25920030DE1B /* RootInteractor.swift */ = {isa = PBXFileReference; lastKnownFileType = sourcecode.swift; path = RootInteractor.swift; sourceTree = "<group>"; };
		483EE919278C26350030DE1B /* AppComopnent.swift */ = {isa = PBXFileReference; lastKnownFileType = sourcecode.swift; path = AppComopnent.swift; sourceTree = "<group>"; };
		483EE920278C28A30030DE1B /* HomeRouter.swift */ = {isa = PBXFileReference; lastKnownFileType = sourcecode.swift; path = HomeRouter.swift; sourceTree = "<group>"; };
		483EE921278C28A30030DE1B /* HomeBuilder.swift */ = {isa = PBXFileReference; lastKnownFileType = sourcecode.swift; path = HomeBuilder.swift; sourceTree = "<group>"; };
		483EE922278C28A30030DE1B /* HomeViewController.swift */ = {isa = PBXFileReference; lastKnownFileType = sourcecode.swift; path = HomeViewController.swift; sourceTree = "<group>"; };
		483EE923278C28A30030DE1B /* HomeInteractor.swift */ = {isa = PBXFileReference; lastKnownFileType = sourcecode.swift; path = HomeInteractor.swift; sourceTree = "<group>"; };
		483EE92A278C29700030DE1B /* EditingRouter.swift */ = {isa = PBXFileReference; lastKnownFileType = sourcecode.swift; path = EditingRouter.swift; sourceTree = "<group>"; };
		483EE92B278C29700030DE1B /* EditingBuilder.swift */ = {isa = PBXFileReference; lastKnownFileType = sourcecode.swift; path = EditingBuilder.swift; sourceTree = "<group>"; };
		483EE92C278C29700030DE1B /* EditingViewController.swift */ = {isa = PBXFileReference; lastKnownFileType = sourcecode.swift; path = EditingViewController.swift; sourceTree = "<group>"; };
		483EE92D278C29700030DE1B /* EditingInteractor.swift */ = {isa = PBXFileReference; lastKnownFileType = sourcecode.swift; path = EditingInteractor.swift; sourceTree = "<group>"; };
		483EE932278C2A950030DE1B /* RootComponent+Home.swift */ = {isa = PBXFileReference; lastKnownFileType = sourcecode.swift; path = "RootComponent+Home.swift"; sourceTree = "<group>"; };
		483EE947278C3D9C0030DE1B /* FirebaseService.swift */ = {isa = PBXFileReference; lastKnownFileType = sourcecode.swift; path = FirebaseService.swift; sourceTree = "<group>"; };
		483EE94A278C3EAF0030DE1B /* Plan.swift */ = {isa = PBXFileReference; lastKnownFileType = sourcecode.swift; path = Plan.swift; sourceTree = "<group>"; };
		483EE94C278CBF2A0030DE1B /* Place.swift */ = {isa = PBXFileReference; lastKnownFileType = sourcecode.swift; path = Place.swift; sourceTree = "<group>"; };
		484FF12B279831DB0065317B /* HomeComponent+Editing.swift */ = {isa = PBXFileReference; lastKnownFileType = sourcecode.swift; path = "HomeComponent+Editing.swift"; sourceTree = "<group>"; };
		484FF130279837D50065317B /* PlaceSelectingRouter.swift */ = {isa = PBXFileReference; lastKnownFileType = sourcecode.swift; path = PlaceSelectingRouter.swift; sourceTree = "<group>"; };
		484FF131279837D50065317B /* PlaceSelectingBuilder.swift */ = {isa = PBXFileReference; lastKnownFileType = sourcecode.swift; path = PlaceSelectingBuilder.swift; sourceTree = "<group>"; };
		484FF132279837D50065317B /* PlaceSelectingViewController.swift */ = {isa = PBXFileReference; lastKnownFileType = sourcecode.swift; path = PlaceSelectingViewController.swift; sourceTree = "<group>"; };
		484FF133279837D50065317B /* PlaceSelectingInteractor.swift */ = {isa = PBXFileReference; lastKnownFileType = sourcecode.swift; path = PlaceSelectingInteractor.swift; sourceTree = "<group>"; };
		484FF138279839730065317B /* EditingComponent+PlaceSelecting.swift */ = {isa = PBXFileReference; lastKnownFileType = sourcecode.swift; path = "EditingComponent+PlaceSelecting.swift"; sourceTree = "<group>"; };
		48716A3F278858B900D24722 /* shared.xcconfig */ = {isa = PBXFileReference; lastKnownFileType = text.xcconfig; path = shared.xcconfig; sourceTree = "<group>"; };
		48716A41278859A200D24722 /* Constraints.swift */ = {isa = PBXFileReference; lastKnownFileType = sourcecode.swift; path = Constraints.swift; sourceTree = "<group>"; };
		48716A4927886B6200D24722 /* XCTest.framework */ = {isa = PBXFileReference; lastKnownFileType = wrapper.framework; name = XCTest.framework; path = Platforms/iPhoneOS.platform/Developer/Library/Frameworks/XCTest.framework; sourceTree = DEVELOPER_DIR; };
		48A2A1432799DA5E00E735D8 /* MarkedMapRouter.swift */ = {isa = PBXFileReference; lastKnownFileType = sourcecode.swift; path = MarkedMapRouter.swift; sourceTree = "<group>"; };
		48A2A1442799DA5E00E735D8 /* MarkedMapBuilder.swift */ = {isa = PBXFileReference; lastKnownFileType = sourcecode.swift; path = MarkedMapBuilder.swift; sourceTree = "<group>"; };
		48A2A1452799DA5E00E735D8 /* MarkedMapViewController.swift */ = {isa = PBXFileReference; lastKnownFileType = sourcecode.swift; path = MarkedMapViewController.swift; sourceTree = "<group>"; };
		48A2A1462799DA5E00E735D8 /* MarkedMapInteractor.swift */ = {isa = PBXFileReference; lastKnownFileType = sourcecode.swift; path = MarkedMapInteractor.swift; sourceTree = "<group>"; };
		48A2A14B2799DCA300E735D8 /* DetailPlanComponent+MarkedMap.swift */ = {isa = PBXFileReference; lastKnownFileType = sourcecode.swift; path = "DetailPlanComponent+MarkedMap.swift"; sourceTree = "<group>"; };
		48A2A14D2799E19D00E735D8 /* Date+Extension.swift */ = {isa = PBXFileReference; lastKnownFileType = sourcecode.swift; path = "Date+Extension.swift"; sourceTree = "<group>"; };
		48ADBE58279AB28A00B0FB92 /* ViewableRouting+Extension.swift */ = {isa = PBXFileReference; lastKnownFileType = sourcecode.swift; path = "ViewableRouting+Extension.swift"; sourceTree = "<group>"; };
		48ADBE5A279AF1CA00B0FB92 /* SearchResultUpdating+Rx.swift */ = {isa = PBXFileReference; lastKnownFileType = sourcecode.swift; path = "SearchResultUpdating+Rx.swift"; sourceTree = "<group>"; };
		48ADBE5C279B0E4300B0FB92 /* PlaceSelectingTableViewCell.swift */ = {isa = PBXFileReference; lastKnownFileType = sourcecode.swift; path = PlaceSelectingTableViewCell.swift; sourceTree = "<group>"; };
		48ADBE5E279B1BC200B0FB92 /* PlaceSelectingComponent+MarkedMap.swift */ = {isa = PBXFileReference; lastKnownFileType = sourcecode.swift; path = "PlaceSelectingComponent+MarkedMap.swift"; sourceTree = "<group>"; };
		48BED637279D2D9100268C16 /* Log.swift */ = {isa = PBXFileReference; lastKnownFileType = sourcecode.swift; path = Log.swift; sourceTree = "<group>"; };
		48BED639279D3C9C00268C16 /* SQLiteService.swift */ = {isa = PBXFileReference; fileEncoding = 4; lastKnownFileType = sourcecode.swift; path = SQLiteService.swift; sourceTree = "<group>"; };
		48C93DAF27908BB800E240F5 /* UpdateModel.swift */ = {isa = PBXFileReference; lastKnownFileType = sourcecode.swift; path = UpdateModel.swift; sourceTree = "<group>"; };
		48C93DB1279095FB00E240F5 /* FireStoreTestCase.swift */ = {isa = PBXFileReference; lastKnownFileType = sourcecode.swift; path = FireStoreTestCase.swift; sourceTree = "<group>"; };
		48DC7B2627997B580068FA1B /* PlaceService.swift */ = {isa = PBXFileReference; lastKnownFileType = sourcecode.swift; path = PlaceService.swift; sourceTree = "<group>"; };
		48DC7B2827997FE80068FA1B /* PlaceSearchResult.swift */ = {isa = PBXFileReference; lastKnownFileType = sourcecode.swift; path = PlaceSearchResult.swift; sourceTree = "<group>"; };
		48DC7B2A27998AD90068FA1B /* PlacesTests.swift */ = {isa = PBXFileReference; lastKnownFileType = sourcecode.swift; path = PlacesTests.swift; sourceTree = "<group>"; };
		48DC7B2C2799A5BC0068FA1B /* CLLocationCoordinate2D+Extension.swift */ = {isa = PBXFileReference; lastKnownFileType = sourcecode.swift; path = "CLLocationCoordinate2D+Extension.swift"; sourceTree = "<group>"; };
		48DC7B302799D6690068FA1B /* ViewControllerable+Extension.swift */ = {isa = PBXFileReference; lastKnownFileType = sourcecode.swift; path = "ViewControllerable+Extension.swift"; sourceTree = "<group>"; };
/* End PBXFileReference section */

/* Begin PBXFrameworksBuildPhase section */
		480E00C42788351400EEA4E6 /* Frameworks */ = {
			isa = PBXFrameworksBuildPhase;
			buildActionMask = 2147483647;
			files = (
				487C7A242788700B00F1528B /* RxRelay in Frameworks */,
				483EE93C278C32F60030DE1B /* FlexLayoutYoga in Frameworks */,
				48A2A1512799EEA200E735D8 /* RxGesture in Frameworks */,
				483EE93A278C32F60030DE1B /* FlexLayout in Frameworks */,
				483EE869278957A60030DE1B /* KakaoSDKCommon in Frameworks */,
				48716A3E278856BF00D24722 /* GooglePlaces in Frameworks */,
				4807902027973D6C00FB6F9B /* Then in Frameworks */,
				483EE86B278957A60030DE1B /* KakaoSDKLink in Frameworks */,
				48716A4527885C2400D24722 /* FirebaseDynamicLinks in Frameworks */,
				483CAAC2278E88C100749657 /* FirebaseDatabase in Frameworks */,
				483EE87227895D4A0030DE1B /* RxKakaoSDKLink in Frameworks */,
				483EE86D278957A60030DE1B /* KakaoSDKTemplate in Frameworks */,
				483EE87027895D4A0030DE1B /* RxKakaoSDKCommon in Frameworks */,
				483EE91E278C272F0030DE1B /* RIBs in Frameworks */,
				483EE93E278C32F60030DE1B /* FlexLayoutYogaKit in Frameworks */,
				487C7A222788700B00F1528B /* RxCocoa in Frameworks */,
				48716A4727885C2400D24722 /* FirebaseFirestore in Frameworks */,
				483CAAC8278EE56100749657 /* FirebaseFirestoreSwift-Beta in Frameworks */,
				483EE941278C33A20030DE1B /* PinLayout in Frameworks */,
				487C7A262788700B00F1528B /* RxSwift in Frameworks */,
			);
			runOnlyForDeploymentPostprocessing = 0;
		};
		480E00DD2788351700EEA4E6 /* Frameworks */ = {
			isa = PBXFrameworksBuildPhase;
			buildActionMask = 2147483647;
			files = (
				487C7A282788700B00F1528B /* RxTest in Frameworks */,
				487C7A202788700B00F1528B /* RxBlocking in Frameworks */,
			);
			runOnlyForDeploymentPostprocessing = 0;
		};
		480E00E72788351700EEA4E6 /* Frameworks */ = {
			isa = PBXFrameworksBuildPhase;
			buildActionMask = 2147483647;
			files = (
			);
			runOnlyForDeploymentPostprocessing = 0;
		};
/* End PBXFrameworksBuildPhase section */

/* Begin PBXGroup section */
		480790212797468A00FB6F9B /* DetailPlan */ = {
			isa = PBXGroup;
			children = (
				480790222797469900FB6F9B /* DetailPlanRouter.swift */,
				480790232797469900FB6F9B /* DetailPlanBuilder.swift */,
				480790242797469900FB6F9B /* DetailPlanViewController.swift */,
				480790252797469900FB6F9B /* DetailPlanInteractor.swift */,
				48A2A14B2799DCA300E735D8 /* DetailPlanComponent+MarkedMap.swift */,
			);
			path = DetailPlan;
			sourceTree = "<group>";
		};
		480E00BE2788351400EEA4E6 = {
			isa = PBXGroup;
			children = (
				480E00C92788351500EEA4E6 /* PlanShare */,
				480E00E32788351700EEA4E6 /* PlanShareTests */,
				480E00ED2788351700EEA4E6 /* PlanShareUITests */,
				480E00C82788351500EEA4E6 /* Products */,
				48716A4827886B6200D24722 /* Frameworks */,
			);
			sourceTree = "<group>";
		};
		480E00C82788351500EEA4E6 /* Products */ = {
			isa = PBXGroup;
			children = (
				480E00C72788351500EEA4E6 /* PlanShare.app */,
				480E00E02788351700EEA4E6 /* PlanShareTests.xctest */,
				480E00EA2788351700EEA4E6 /* PlanShareUITests.xctest */,
			);
			name = Products;
			sourceTree = "<group>";
		};
		480E00C92788351500EEA4E6 /* PlanShare */ = {
			isa = PBXGroup;
			children = (
				483EE918278C261D0030DE1B /* AppStart */,
				483EE91B278C26BC0030DE1B /* RIBs */,
				483EE944278C3C4F0030DE1B /* Domain */,
				48DC7B332799D83A0068FA1B /* Supporting Files */,
				480E00FF278837CF00EEA4E6 /* GoogleService-Info.plist */,
				48716A3F278858B900D24722 /* shared.xcconfig */,
				480E00D62788351700EEA4E6 /* Assets.xcassets */,
				480E00D82788351700EEA4E6 /* LaunchScreen.storyboard */,
				480E00DB2788351700EEA4E6 /* Info.plist */,
			);
			path = PlanShare;
			sourceTree = "<group>";
		};
		480E00E32788351700EEA4E6 /* PlanShareTests */ = {
			isa = PBXGroup;
			children = (
				480E00E42788351700EEA4E6 /* PlanShareTests.swift */,
				48DC7B2A27998AD90068FA1B /* PlacesTests.swift */,
				48C93DB1279095FB00E240F5 /* FireStoreTestCase.swift */,
				483CAAC5278ECF3800749657 /* XCTestCase+Extension.swift */,
			);
			path = PlanShareTests;
			sourceTree = "<group>";
		};
		480E00ED2788351700EEA4E6 /* PlanShareUITests */ = {
			isa = PBXGroup;
			children = (
				480E00EE2788351700EEA4E6 /* PlanShareUITests.swift */,
				480E00F02788351700EEA4E6 /* PlanShareUITestsLaunchTests.swift */,
			);
			path = PlanShareUITests;
			sourceTree = "<group>";
		};
		483EE90E278C25860030DE1B /* Root */ = {
			isa = PBXGroup;
			children = (
				483EE90F278C25920030DE1B /* RootRouter.swift */,
				483EE910278C25920030DE1B /* RootBuilder.swift */,
				483EE911278C25920030DE1B /* RootViewController.swift */,
				483EE912278C25920030DE1B /* RootInteractor.swift */,
				483EE932278C2A950030DE1B /* RootComponent+Home.swift */,
			);
			path = Root;
			sourceTree = "<group>";
		};
		483EE918278C261D0030DE1B /* AppStart */ = {
			isa = PBXGroup;
			children = (
				480E00CC2788351500EEA4E6 /* SceneDelegate.swift */,
				480E00CA2788351500EEA4E6 /* AppDelegate.swift */,
				483EE919278C26350030DE1B /* AppComopnent.swift */,
			);
			path = AppStart;
			sourceTree = "<group>";
		};
		483EE91B278C26BC0030DE1B /* RIBs */ = {
			isa = PBXGroup;
			children = (
				483EE90E278C25860030DE1B /* Root */,
				483EE91F278C288F0030DE1B /* Home */,
				480790212797468A00FB6F9B /* DetailPlan */,
				483EE929278C295B0030DE1B /* Editing */,
				484FF12F279837B00065317B /* PlaceSelecting */,
				48DC7B342799D9880068FA1B /* MarkedMap */,
			);
			path = RIBs;
			sourceTree = "<group>";
		};
		483EE91F278C288F0030DE1B /* Home */ = {
			isa = PBXGroup;
			children = (
				483EE920278C28A30030DE1B /* HomeRouter.swift */,
				483EE921278C28A30030DE1B /* HomeBuilder.swift */,
				4807902A279746B900FB6F9B /* HomeComponent+DetailPlan.swift */,
				484FF12B279831DB0065317B /* HomeComponent+Editing.swift */,
				483EE922278C28A30030DE1B /* HomeViewController.swift */,
				480790152796ADA900FB6F9B /* HomeTableViewCell.swift */,
				483EE923278C28A30030DE1B /* HomeInteractor.swift */,
			);
			path = Home;
			sourceTree = "<group>";
		};
		483EE929278C295B0030DE1B /* Editing */ = {
			isa = PBXGroup;
			children = (
				483EE92A278C29700030DE1B /* EditingRouter.swift */,
				483EE92B278C29700030DE1B /* EditingBuilder.swift */,
				483EE92C278C29700030DE1B /* EditingViewController.swift */,
				483EE92D278C29700030DE1B /* EditingInteractor.swift */,
				484FF138279839730065317B /* EditingComponent+PlaceSelecting.swift */,
			);
			path = Editing;
			sourceTree = "<group>";
		};
		483EE944278C3C4F0030DE1B /* Domain */ = {
			isa = PBXGroup;
			children = (
				483EE949278C3EA60030DE1B /* Model */,
				483EE947278C3D9C0030DE1B /* FirebaseService.swift */,
				480CBB02279ECBBF00111CE6 /* CalendarService.swift */,
				4807901B27970F0200FB6F9B /* UserDefault.swift */,
				48DC7B2627997B580068FA1B /* PlaceService.swift */,
				48BED639279D3C9C00268C16 /* SQLiteService.swift */,
				480CBB04279EFCC900111CE6 /* KakaoLinkService.swift */,
				482CF498279DC0F100316C45 /* SQLiteEnable.swift */,
			);
			path = Domain;
			sourceTree = "<group>";
		};
		483EE949278C3EA60030DE1B /* Model */ = {
			isa = PBXGroup;
			children = (
				483EE94A278C3EAF0030DE1B /* Plan.swift */,
				48DC7B2827997FE80068FA1B /* PlaceSearchResult.swift */,
				48C93DAF27908BB800E240F5 /* UpdateModel.swift */,
				483EE94C278CBF2A0030DE1B /* Place.swift */,
				483CAAC9278EF2F200749657 /* FirestoreCodable.swift */,
				482CF496279DC0AD00316C45 /* PlanModel.swift */,
				480CBB00279EB95C00111CE6 /* GoogleMapLink.swift */,
			);
			path = Model;
			sourceTree = "<group>";
		};
		484FF12F279837B00065317B /* PlaceSelecting */ = {
			isa = PBXGroup;
			children = (
				484FF130279837D50065317B /* PlaceSelectingRouter.swift */,
				484FF131279837D50065317B /* PlaceSelectingBuilder.swift */,
				484FF132279837D50065317B /* PlaceSelectingViewController.swift */,
				484FF133279837D50065317B /* PlaceSelectingInteractor.swift */,
				48ADBE5C279B0E4300B0FB92 /* PlaceSelectingTableViewCell.swift */,
				48ADBE5E279B1BC200B0FB92 /* PlaceSelectingComponent+MarkedMap.swift */,
			);
			path = PlaceSelecting;
			sourceTree = "<group>";
		};
		48716A4827886B6200D24722 /* Frameworks */ = {
			isa = PBXGroup;
			children = (
				48716A4927886B6200D24722 /* XCTest.framework */,
			);
			name = Frameworks;
			sourceTree = "<group>";
		};
		48DC7B332799D83A0068FA1B /* Supporting Files */ = {
			isa = PBXGroup;
			children = (
				480790172796ADF100FB6F9B /* NSObject+Extension.swift */,
				48DC7B2C2799A5BC0068FA1B /* CLLocationCoordinate2D+Extension.swift */,
				48DC7B302799D6690068FA1B /* ViewControllerable+Extension.swift */,
				48ADBE58279AB28A00B0FB92 /* ViewableRouting+Extension.swift */,
				483CAAC3278E91C100749657 /* FireStore+Extension.swift */,
				48716A41278859A200D24722 /* Constraints.swift */,
				48A2A14D2799E19D00E735D8 /* Date+Extension.swift */,
				48ADBE5A279AF1CA00B0FB92 /* SearchResultUpdating+Rx.swift */,
				48BED637279D2D9100268C16 /* Log.swift */,
			);
			path = "Supporting Files";
			sourceTree = "<group>";
		};
		48DC7B342799D9880068FA1B /* MarkedMap */ = {
			isa = PBXGroup;
			children = (
				48A2A1432799DA5E00E735D8 /* MarkedMapRouter.swift */,
				48A2A1442799DA5E00E735D8 /* MarkedMapBuilder.swift */,
				48A2A1452799DA5E00E735D8 /* MarkedMapViewController.swift */,
				48A2A1462799DA5E00E735D8 /* MarkedMapInteractor.swift */,
			);
			name = MarkedMap;
			path = PlaceSelecting;
			sourceTree = "<group>";
		};
/* End PBXGroup section */

/* Begin PBXNativeTarget section */
		480E00C62788351400EEA4E6 /* PlanShare */ = {
			isa = PBXNativeTarget;
			buildConfigurationList = 480E00F42788351700EEA4E6 /* Build configuration list for PBXNativeTarget "PlanShare" */;
			buildPhases = (
				480E00FE278836AD00EEA4E6 /* SwiftLint & Swiftformat */,
				480E00C32788351400EEA4E6 /* Sources */,
				480E00C42788351400EEA4E6 /* Frameworks */,
				480E00C52788351400EEA4E6 /* Resources */,
			);
			buildRules = (
			);
			dependencies = (
			);
			name = PlanShare;
			packageProductDependencies = (
				48716A3D278856BF00D24722 /* GooglePlaces */,
				48716A4427885C2400D24722 /* FirebaseDynamicLinks */,
				48716A4627885C2400D24722 /* FirebaseFirestore */,
				487C7A212788700B00F1528B /* RxCocoa */,
				487C7A232788700B00F1528B /* RxRelay */,
				487C7A252788700B00F1528B /* RxSwift */,
				483EE868278957A60030DE1B /* KakaoSDKCommon */,
				483EE86A278957A60030DE1B /* KakaoSDKLink */,
				483EE86C278957A60030DE1B /* KakaoSDKTemplate */,
				483EE86F27895D4A0030DE1B /* RxKakaoSDKCommon */,
				483EE87127895D4A0030DE1B /* RxKakaoSDKLink */,
				483EE91D278C272F0030DE1B /* RIBs */,
				483EE939278C32F60030DE1B /* FlexLayout */,
				483EE93B278C32F60030DE1B /* FlexLayoutYoga */,
				483EE93D278C32F60030DE1B /* FlexLayoutYogaKit */,
				483EE940278C33A20030DE1B /* PinLayout */,
				483CAAC1278E88C100749657 /* FirebaseDatabase */,
				483CAAC7278EE56100749657 /* FirebaseFirestoreSwift-Beta */,
				4807901F27973D6C00FB6F9B /* Then */,
				48A2A1502799EEA200E735D8 /* RxGesture */,
			);
			productName = PlanShare;
			productReference = 480E00C72788351500EEA4E6 /* PlanShare.app */;
			productType = "com.apple.product-type.application";
		};
		480E00DF2788351700EEA4E6 /* PlanShareTests */ = {
			isa = PBXNativeTarget;
			buildConfigurationList = 480E00F72788351700EEA4E6 /* Build configuration list for PBXNativeTarget "PlanShareTests" */;
			buildPhases = (
				480E00DC2788351700EEA4E6 /* Sources */,
				480E00DD2788351700EEA4E6 /* Frameworks */,
				480E00DE2788351700EEA4E6 /* Resources */,
			);
			buildRules = (
			);
			dependencies = (
				480E00E22788351700EEA4E6 /* PBXTargetDependency */,
			);
			name = PlanShareTests;
			packageProductDependencies = (
				487C7A1F2788700B00F1528B /* RxBlocking */,
				487C7A272788700B00F1528B /* RxTest */,
			);
			productName = PlanShareTests;
			productReference = 480E00E02788351700EEA4E6 /* PlanShareTests.xctest */;
			productType = "com.apple.product-type.bundle.unit-test";
		};
		480E00E92788351700EEA4E6 /* PlanShareUITests */ = {
			isa = PBXNativeTarget;
			buildConfigurationList = 480E00FA2788351700EEA4E6 /* Build configuration list for PBXNativeTarget "PlanShareUITests" */;
			buildPhases = (
				480E00E62788351700EEA4E6 /* Sources */,
				480E00E72788351700EEA4E6 /* Frameworks */,
				480E00E82788351700EEA4E6 /* Resources */,
			);
			buildRules = (
			);
			dependencies = (
				480E00EC2788351700EEA4E6 /* PBXTargetDependency */,
			);
			name = PlanShareUITests;
			productName = PlanShareUITests;
			productReference = 480E00EA2788351700EEA4E6 /* PlanShareUITests.xctest */;
			productType = "com.apple.product-type.bundle.ui-testing";
		};
/* End PBXNativeTarget section */

/* Begin PBXProject section */
		480E00BF2788351400EEA4E6 /* Project object */ = {
			isa = PBXProject;
			attributes = {
				BuildIndependentTargetsInParallel = 1;
				LastSwiftUpdateCheck = 1320;
				LastUpgradeCheck = 1320;
				TargetAttributes = {
					480E00C62788351400EEA4E6 = {
						CreatedOnToolsVersion = 13.2.1;
					};
					480E00DF2788351700EEA4E6 = {
						CreatedOnToolsVersion = 13.2.1;
						TestTargetID = 480E00C62788351400EEA4E6;
					};
					480E00E92788351700EEA4E6 = {
						CreatedOnToolsVersion = 13.2.1;
						TestTargetID = 480E00C62788351400EEA4E6;
					};
				};
			};
			buildConfigurationList = 480E00C22788351400EEA4E6 /* Build configuration list for PBXProject "PlanShare" */;
			compatibilityVersion = "Xcode 13.0";
			developmentRegion = en;
			hasScannedForEncodings = 0;
			knownRegions = (
				en,
				Base,
			);
			mainGroup = 480E00BE2788351400EEA4E6;
			packageReferences = (
				48716A3C278856BE00D24722 /* XCRemoteSwiftPackageReference "GoogleMaps-SP" */,
				48716A4327885C2400D24722 /* XCRemoteSwiftPackageReference "firebase-ios-sdk" */,
				487C7A1E2788700B00F1528B /* XCRemoteSwiftPackageReference "RxSwift" */,
				483EE867278957A60030DE1B /* XCRemoteSwiftPackageReference "KakaoSDK" */,
				483EE86E27895D4A0030DE1B /* XCRemoteSwiftPackageReference "RxKakaoSDK" */,
				483EE91C278C272F0030DE1B /* XCRemoteSwiftPackageReference "RIBs" */,
				483EE938278C32F60030DE1B /* XCRemoteSwiftPackageReference "FlexLayout" */,
				483EE93F278C33A20030DE1B /* XCRemoteSwiftPackageReference "PinLayout" */,
				4807901E27973D6C00FB6F9B /* XCRemoteSwiftPackageReference "Then" */,
				48A2A14F2799EEA200E735D8 /* XCRemoteSwiftPackageReference "RxGesture" */,
			);
			productRefGroup = 480E00C82788351500EEA4E6 /* Products */;
			projectDirPath = "";
			projectRoot = "";
			targets = (
				480E00C62788351400EEA4E6 /* PlanShare */,
				480E00DF2788351700EEA4E6 /* PlanShareTests */,
				480E00E92788351700EEA4E6 /* PlanShareUITests */,
			);
		};
/* End PBXProject section */

/* Begin PBXResourcesBuildPhase section */
		480E00C52788351400EEA4E6 /* Resources */ = {
			isa = PBXResourcesBuildPhase;
			buildActionMask = 2147483647;
			files = (
				480E0100278837CF00EEA4E6 /* GoogleService-Info.plist in Resources */,
				48716A40278858B900D24722 /* shared.xcconfig in Resources */,
				480E00DA2788351700EEA4E6 /* LaunchScreen.storyboard in Resources */,
				480E00D72788351700EEA4E6 /* Assets.xcassets in Resources */,
			);
			runOnlyForDeploymentPostprocessing = 0;
		};
		480E00DE2788351700EEA4E6 /* Resources */ = {
			isa = PBXResourcesBuildPhase;
			buildActionMask = 2147483647;
			files = (
			);
			runOnlyForDeploymentPostprocessing = 0;
		};
		480E00E82788351700EEA4E6 /* Resources */ = {
			isa = PBXResourcesBuildPhase;
			buildActionMask = 2147483647;
			files = (
			);
			runOnlyForDeploymentPostprocessing = 0;
		};
/* End PBXResourcesBuildPhase section */

/* Begin PBXShellScriptBuildPhase section */
		480E00FE278836AD00EEA4E6 /* SwiftLint & Swiftformat */ = {
			isa = PBXShellScriptBuildPhase;
			buildActionMask = 2147483647;
			files = (
			);
			inputFileListPaths = (
			);
			inputPaths = (
			);
			name = "SwiftLint & Swiftformat";
			outputFileListPaths = (
			);
			outputPaths = (
			);
			runOnlyForDeploymentPostprocessing = 0;
			shellPath = /bin/sh;
			shellScript = "if which swiftformat >/dev/null; then\n   swiftformat .\nelse\n  echo \"warning: SwiftFormat not installed, download from https://github.com/nicklockwood/SwiftFormat\"\nfi\n\nif which swiftlint >/dev/null; then\n  swiftlint --fix\nelse\n  echo \"warning: SwiftLint not installed, download from https://github.com/realm/SwiftLint\"\nfi\n\n";
		};
/* End PBXShellScriptBuildPhase section */

/* Begin PBXSourcesBuildPhase section */
		480E00C32788351400EEA4E6 /* Sources */ = {
			isa = PBXSourcesBuildPhase;
			buildActionMask = 2147483647;
			files = (
				483EE925278C28A30030DE1B /* HomeBuilder.swift in Sources */,
				48BED638279D2D9100268C16 /* Log.swift in Sources */,
				484FF12C279831DB0065317B /* HomeComponent+Editing.swift in Sources */,
				48A2A1482799DA5E00E735D8 /* MarkedMapBuilder.swift in Sources */,
				48DC7B312799D6690068FA1B /* ViewControllerable+Extension.swift in Sources */,
				480790272797469900FB6F9B /* DetailPlanBuilder.swift in Sources */,
				48A2A14E2799E19D00E735D8 /* Date+Extension.swift in Sources */,
				480790162796ADA900FB6F9B /* HomeTableViewCell.swift in Sources */,
				482CF497279DC0AD00316C45 /* PlanModel.swift in Sources */,
				483EE94B278C3EAF0030DE1B /* Plan.swift in Sources */,
				480790292797469900FB6F9B /* DetailPlanInteractor.swift in Sources */,
				48ADBE59279AB28A00B0FB92 /* ViewableRouting+Extension.swift in Sources */,
				483EE914278C25920030DE1B /* RootBuilder.swift in Sources */,
				480CBB05279EFCC900111CE6 /* KakaoLinkService.swift in Sources */,
				480790262797469900FB6F9B /* DetailPlanRouter.swift in Sources */,
				48716A42278859A200D24722 /* Constraints.swift in Sources */,
				480CBB01279EB95C00111CE6 /* GoogleMapLink.swift in Sources */,
				483CAAC4278E91C100749657 /* FireStore+Extension.swift in Sources */,
				483EE931278C29700030DE1B /* EditingInteractor.swift in Sources */,
				48A2A1492799DA5E00E735D8 /* MarkedMapViewController.swift in Sources */,
				48ADBE5D279B0E4300B0FB92 /* PlaceSelectingTableViewCell.swift in Sources */,
				483EE933278C2A950030DE1B /* RootComponent+Home.swift in Sources */,
				483EE948278C3D9C0030DE1B /* FirebaseService.swift in Sources */,
				48C93DB027908BB800E240F5 /* UpdateModel.swift in Sources */,
				48A2A1472799DA5E00E735D8 /* MarkedMapRouter.swift in Sources */,
				484FF139279839730065317B /* EditingComponent+PlaceSelecting.swift in Sources */,
				480790182796ADF100FB6F9B /* NSObject+Extension.swift in Sources */,
				48BED63A279D3C9C00268C16 /* SQLiteService.swift in Sources */,
				480E00CB2788351500EEA4E6 /* AppDelegate.swift in Sources */,
				483EE94D278CBF2B0030DE1B /* Place.swift in Sources */,
				483EE913278C25920030DE1B /* RootRouter.swift in Sources */,
				483EE916278C25920030DE1B /* RootInteractor.swift in Sources */,
				483EE92E278C29700030DE1B /* EditingRouter.swift in Sources */,
				484FF136279837D50065317B /* PlaceSelectingViewController.swift in Sources */,
				48DC7B2D2799A5BC0068FA1B /* CLLocationCoordinate2D+Extension.swift in Sources */,
				480CBB03279ECBBF00111CE6 /* CalendarService.swift in Sources */,
				484FF134279837D50065317B /* PlaceSelectingRouter.swift in Sources */,
				480790282797469900FB6F9B /* DetailPlanViewController.swift in Sources */,
				484FF135279837D50065317B /* PlaceSelectingBuilder.swift in Sources */,
				483EE915278C25920030DE1B /* RootViewController.swift in Sources */,
				48DC7B2927997FE80068FA1B /* PlaceSearchResult.swift in Sources */,
				483EE92F278C29700030DE1B /* EditingBuilder.swift in Sources */,
				480E00CD2788351500EEA4E6 /* SceneDelegate.swift in Sources */,
				484FF137279837D50065317B /* PlaceSelectingInteractor.swift in Sources */,
				483EE91A278C26350030DE1B /* AppComopnent.swift in Sources */,
				483EE926278C28A30030DE1B /* HomeViewController.swift in Sources */,
				48DC7B2727997B590068FA1B /* PlaceService.swift in Sources */,
				48ADBE5F279B1BC200B0FB92 /* PlaceSelectingComponent+MarkedMap.swift in Sources */,
				483EE924278C28A30030DE1B /* HomeRouter.swift in Sources */,
				4807901C27970F0200FB6F9B /* UserDefault.swift in Sources */,
				48A2A14C2799DCA300E735D8 /* DetailPlanComponent+MarkedMap.swift in Sources */,
				483EE930278C29700030DE1B /* EditingViewController.swift in Sources */,
				482CF499279DC0F100316C45 /* SQLiteEnable.swift in Sources */,
				48ADBE5B279AF1CA00B0FB92 /* SearchResultUpdating+Rx.swift in Sources */,
				483CAACA278EF2F200749657 /* FirestoreCodable.swift in Sources */,
				48A2A14A2799DA5E00E735D8 /* MarkedMapInteractor.swift in Sources */,
				4807902B279746B900FB6F9B /* HomeComponent+DetailPlan.swift in Sources */,
				483EE927278C28A30030DE1B /* HomeInteractor.swift in Sources */,
			);
			runOnlyForDeploymentPostprocessing = 0;
		};
		480E00DC2788351700EEA4E6 /* Sources */ = {
			isa = PBXSourcesBuildPhase;
			buildActionMask = 2147483647;
			files = (
				483CAAC6278ECF3800749657 /* XCTestCase+Extension.swift in Sources */,
				480E00E52788351700EEA4E6 /* PlanShareTests.swift in Sources */,
				48C93DB2279095FB00E240F5 /* FireStoreTestCase.swift in Sources */,
				48DC7B2B27998AD90068FA1B /* PlacesTests.swift in Sources */,
			);
			runOnlyForDeploymentPostprocessing = 0;
		};
		480E00E62788351700EEA4E6 /* Sources */ = {
			isa = PBXSourcesBuildPhase;
			buildActionMask = 2147483647;
			files = (
				480E00EF2788351700EEA4E6 /* PlanShareUITests.swift in Sources */,
				480E00F12788351700EEA4E6 /* PlanShareUITestsLaunchTests.swift in Sources */,
			);
			runOnlyForDeploymentPostprocessing = 0;
		};
/* End PBXSourcesBuildPhase section */

/* Begin PBXTargetDependency section */
		480E00E22788351700EEA4E6 /* PBXTargetDependency */ = {
			isa = PBXTargetDependency;
			target = 480E00C62788351400EEA4E6 /* PlanShare */;
			targetProxy = 480E00E12788351700EEA4E6 /* PBXContainerItemProxy */;
		};
		480E00EC2788351700EEA4E6 /* PBXTargetDependency */ = {
			isa = PBXTargetDependency;
			target = 480E00C62788351400EEA4E6 /* PlanShare */;
			targetProxy = 480E00EB2788351700EEA4E6 /* PBXContainerItemProxy */;
		};
/* End PBXTargetDependency section */

/* Begin PBXVariantGroup section */
		480E00D82788351700EEA4E6 /* LaunchScreen.storyboard */ = {
			isa = PBXVariantGroup;
			children = (
				480E00D92788351700EEA4E6 /* Base */,
			);
			name = LaunchScreen.storyboard;
			sourceTree = "<group>";
		};
/* End PBXVariantGroup section */

/* Begin XCBuildConfiguration section */
		480E00F22788351700EEA4E6 /* Debug */ = {
			isa = XCBuildConfiguration;
			buildSettings = {
				ALWAYS_SEARCH_USER_PATHS = NO;
				CLANG_ANALYZER_NONNULL = YES;
				CLANG_ANALYZER_NUMBER_OBJECT_CONVERSION = YES_AGGRESSIVE;
				CLANG_CXX_LANGUAGE_STANDARD = "gnu++17";
				CLANG_CXX_LIBRARY = "libc++";
				CLANG_ENABLE_MODULES = YES;
				CLANG_ENABLE_OBJC_ARC = YES;
				CLANG_ENABLE_OBJC_WEAK = YES;
				CLANG_WARN_BLOCK_CAPTURE_AUTORELEASING = YES;
				CLANG_WARN_BOOL_CONVERSION = YES;
				CLANG_WARN_COMMA = YES;
				CLANG_WARN_CONSTANT_CONVERSION = YES;
				CLANG_WARN_DEPRECATED_OBJC_IMPLEMENTATIONS = YES;
				CLANG_WARN_DIRECT_OBJC_ISA_USAGE = YES_ERROR;
				CLANG_WARN_DOCUMENTATION_COMMENTS = YES;
				CLANG_WARN_EMPTY_BODY = YES;
				CLANG_WARN_ENUM_CONVERSION = YES;
				CLANG_WARN_INFINITE_RECURSION = YES;
				CLANG_WARN_INT_CONVERSION = YES;
				CLANG_WARN_NON_LITERAL_NULL_CONVERSION = YES;
				CLANG_WARN_OBJC_IMPLICIT_RETAIN_SELF = YES;
				CLANG_WARN_OBJC_LITERAL_CONVERSION = YES;
				CLANG_WARN_OBJC_ROOT_CLASS = YES_ERROR;
				CLANG_WARN_QUOTED_INCLUDE_IN_FRAMEWORK_HEADER = YES;
				CLANG_WARN_RANGE_LOOP_ANALYSIS = YES;
				CLANG_WARN_STRICT_PROTOTYPES = YES;
				CLANG_WARN_SUSPICIOUS_MOVE = YES;
				CLANG_WARN_UNGUARDED_AVAILABILITY = YES_AGGRESSIVE;
				CLANG_WARN_UNREACHABLE_CODE = YES;
				CLANG_WARN__DUPLICATE_METHOD_MATCH = YES;
				COPY_PHASE_STRIP = NO;
				DEBUG_INFORMATION_FORMAT = dwarf;
				ENABLE_STRICT_OBJC_MSGSEND = YES;
				ENABLE_TESTABILITY = YES;
				GCC_C_LANGUAGE_STANDARD = gnu11;
				GCC_DYNAMIC_NO_PIC = NO;
				GCC_NO_COMMON_BLOCKS = YES;
				GCC_OPTIMIZATION_LEVEL = 0;
				GCC_PREPROCESSOR_DEFINITIONS = (
					"DEBUG=1",
					"$(inherited)",
				);
				GCC_WARN_64_TO_32_BIT_CONVERSION = YES;
				GCC_WARN_ABOUT_RETURN_TYPE = YES_ERROR;
				GCC_WARN_UNDECLARED_SELECTOR = YES;
				GCC_WARN_UNINITIALIZED_AUTOS = YES_AGGRESSIVE;
				GCC_WARN_UNUSED_FUNCTION = YES;
				GCC_WARN_UNUSED_VARIABLE = YES;
				IPHONEOS_DEPLOYMENT_TARGET = 13.0;
				MTL_ENABLE_DEBUG_INFO = INCLUDE_SOURCE;
				MTL_FAST_MATH = YES;
				ONLY_ACTIVE_ARCH = YES;
				SDKROOT = iphoneos;
				SWIFT_ACTIVE_COMPILATION_CONDITIONS = DEBUG;
				SWIFT_OPTIMIZATION_LEVEL = "-Onone";
			};
			name = Debug;
		};
		480E00F32788351700EEA4E6 /* Release */ = {
			isa = XCBuildConfiguration;
			buildSettings = {
				ALWAYS_SEARCH_USER_PATHS = NO;
				CLANG_ANALYZER_NONNULL = YES;
				CLANG_ANALYZER_NUMBER_OBJECT_CONVERSION = YES_AGGRESSIVE;
				CLANG_CXX_LANGUAGE_STANDARD = "gnu++17";
				CLANG_CXX_LIBRARY = "libc++";
				CLANG_ENABLE_MODULES = YES;
				CLANG_ENABLE_OBJC_ARC = YES;
				CLANG_ENABLE_OBJC_WEAK = YES;
				CLANG_WARN_BLOCK_CAPTURE_AUTORELEASING = YES;
				CLANG_WARN_BOOL_CONVERSION = YES;
				CLANG_WARN_COMMA = YES;
				CLANG_WARN_CONSTANT_CONVERSION = YES;
				CLANG_WARN_DEPRECATED_OBJC_IMPLEMENTATIONS = YES;
				CLANG_WARN_DIRECT_OBJC_ISA_USAGE = YES_ERROR;
				CLANG_WARN_DOCUMENTATION_COMMENTS = YES;
				CLANG_WARN_EMPTY_BODY = YES;
				CLANG_WARN_ENUM_CONVERSION = YES;
				CLANG_WARN_INFINITE_RECURSION = YES;
				CLANG_WARN_INT_CONVERSION = YES;
				CLANG_WARN_NON_LITERAL_NULL_CONVERSION = YES;
				CLANG_WARN_OBJC_IMPLICIT_RETAIN_SELF = YES;
				CLANG_WARN_OBJC_LITERAL_CONVERSION = YES;
				CLANG_WARN_OBJC_ROOT_CLASS = YES_ERROR;
				CLANG_WARN_QUOTED_INCLUDE_IN_FRAMEWORK_HEADER = YES;
				CLANG_WARN_RANGE_LOOP_ANALYSIS = YES;
				CLANG_WARN_STRICT_PROTOTYPES = YES;
				CLANG_WARN_SUSPICIOUS_MOVE = YES;
				CLANG_WARN_UNGUARDED_AVAILABILITY = YES_AGGRESSIVE;
				CLANG_WARN_UNREACHABLE_CODE = YES;
				CLANG_WARN__DUPLICATE_METHOD_MATCH = YES;
				COPY_PHASE_STRIP = NO;
				DEBUG_INFORMATION_FORMAT = "dwarf-with-dsym";
				ENABLE_NS_ASSERTIONS = NO;
				ENABLE_STRICT_OBJC_MSGSEND = YES;
				GCC_C_LANGUAGE_STANDARD = gnu11;
				GCC_NO_COMMON_BLOCKS = YES;
				GCC_WARN_64_TO_32_BIT_CONVERSION = YES;
				GCC_WARN_ABOUT_RETURN_TYPE = YES_ERROR;
				GCC_WARN_UNDECLARED_SELECTOR = YES;
				GCC_WARN_UNINITIALIZED_AUTOS = YES_AGGRESSIVE;
				GCC_WARN_UNUSED_FUNCTION = YES;
				GCC_WARN_UNUSED_VARIABLE = YES;
				IPHONEOS_DEPLOYMENT_TARGET = 13.0;
				MTL_ENABLE_DEBUG_INFO = NO;
				MTL_FAST_MATH = YES;
				SDKROOT = iphoneos;
				SWIFT_COMPILATION_MODE = wholemodule;
				SWIFT_OPTIMIZATION_LEVEL = "-O";
				VALIDATE_PRODUCT = YES;
			};
			name = Release;
		};
		480E00F52788351700EEA4E6 /* Debug */ = {
			isa = XCBuildConfiguration;
			baseConfigurationReference = 48716A3F278858B900D24722 /* shared.xcconfig */;
			buildSettings = {
				ASSETCATALOG_COMPILER_APPICON_NAME = AppIcon;
				ASSETCATALOG_COMPILER_GLOBAL_ACCENT_COLOR_NAME = AccentColor;
				CODE_SIGN_IDENTITY = "Apple Development";
				CODE_SIGN_STYLE = Automatic;
				CURRENT_PROJECT_VERSION = 1;
				DEVELOPMENT_TEAM = 78X32W2D44;
				GCC_PREPROCESSOR_DEFINITIONS = (
					"FLEXLAYOUT_SWIFT_PACKAGE=1",
					"DEBUG=1",
				);
				GENERATE_INFOPLIST_FILE = YES;
				INFOPLIST_FILE = PlanShare/Info.plist;
				INFOPLIST_KEY_NSCalendarsUsageDescription = "캘린더 등록을 위해 접근합니다.";
				INFOPLIST_KEY_UIApplicationSupportsIndirectInputEvents = YES;
				INFOPLIST_KEY_UILaunchStoryboardName = LaunchScreen;
				INFOPLIST_KEY_UISupportedInterfaceOrientations = UIInterfaceOrientationPortrait;
				INFOPLIST_KEY_UISupportedInterfaceOrientations_iPad = "UIInterfaceOrientationPortrait UIInterfaceOrientationPortraitUpsideDown UIInterfaceOrientationLandscapeLeft UIInterfaceOrientationLandscapeRight";
				INFOPLIST_KEY_UISupportedInterfaceOrientations_iPhone = "UIInterfaceOrientationPortrait UIInterfaceOrientationLandscapeLeft UIInterfaceOrientationLandscapeRight";
				IPHONEOS_DEPLOYMENT_TARGET = 13.0;
				LD_RUNPATH_SEARCH_PATHS = (
					"$(inherited)",
					"@executable_path/Frameworks",
				);
				MARKETING_VERSION = 1.0;
				PRODUCT_BUNDLE_IDENTIFIER = songjk.dev.PlanShare;
				PRODUCT_NAME = "$(TARGET_NAME)";
				PROVISIONING_PROFILE_SPECIFIER = "";
				SWIFT_EMIT_LOC_STRINGS = YES;
				SWIFT_VERSION = 5.0;
				TARGETED_DEVICE_FAMILY = "1,2";
			};
			name = Debug;
		};
		480E00F62788351700EEA4E6 /* Release */ = {
			isa = XCBuildConfiguration;
			baseConfigurationReference = 48716A3F278858B900D24722 /* shared.xcconfig */;
			buildSettings = {
				ASSETCATALOG_COMPILER_APPICON_NAME = AppIcon;
				ASSETCATALOG_COMPILER_GLOBAL_ACCENT_COLOR_NAME = AccentColor;
				CODE_SIGN_IDENTITY = "Apple Development";
				CODE_SIGN_STYLE = Automatic;
				CURRENT_PROJECT_VERSION = 1;
				DEVELOPMENT_TEAM = 78X32W2D44;
				GCC_PREPROCESSOR_DEFINITIONS = "FLEXLAYOUT_SWIFT_PACKAGE=1";
				GENERATE_INFOPLIST_FILE = YES;
				INFOPLIST_FILE = PlanShare/Info.plist;
				INFOPLIST_KEY_NSCalendarsUsageDescription = "캘린더 등록을 위해 접근합니다.";
				INFOPLIST_KEY_UIApplicationSupportsIndirectInputEvents = YES;
				INFOPLIST_KEY_UILaunchStoryboardName = LaunchScreen;
				INFOPLIST_KEY_UISupportedInterfaceOrientations = UIInterfaceOrientationPortrait;
				INFOPLIST_KEY_UISupportedInterfaceOrientations_iPad = "UIInterfaceOrientationPortrait UIInterfaceOrientationPortraitUpsideDown UIInterfaceOrientationLandscapeLeft UIInterfaceOrientationLandscapeRight";
				INFOPLIST_KEY_UISupportedInterfaceOrientations_iPhone = "UIInterfaceOrientationPortrait UIInterfaceOrientationLandscapeLeft UIInterfaceOrientationLandscapeRight";
				IPHONEOS_DEPLOYMENT_TARGET = 13.0;
				LD_RUNPATH_SEARCH_PATHS = (
					"$(inherited)",
					"@executable_path/Frameworks",
				);
				MARKETING_VERSION = 1.0;
				PRODUCT_BUNDLE_IDENTIFIER = songjk.dev.PlanShare;
				PRODUCT_NAME = "$(TARGET_NAME)";
				PROVISIONING_PROFILE_SPECIFIER = "";
				SWIFT_EMIT_LOC_STRINGS = YES;
				SWIFT_VERSION = 5.0;
				TARGETED_DEVICE_FAMILY = "1,2";
			};
			name = Release;
		};
		480E00F82788351700EEA4E6 /* Debug */ = {
			isa = XCBuildConfiguration;
			buildSettings = {
				ALWAYS_EMBED_SWIFT_STANDARD_LIBRARIES = YES;
				BUNDLE_LOADER = "$(TEST_HOST)";
				CODE_SIGN_STYLE = Automatic;
				CURRENT_PROJECT_VERSION = 1;
				DEVELOPMENT_TEAM = 78X32W2D44;
				GCC_PREPROCESSOR_DEFINITIONS = (
					"DEBUG=1",
					"$(inherited)",
					"FLEXLAYOUT_SWIFT_PACKAGE=1",
				);
				GENERATE_INFOPLIST_FILE = YES;
				IPHONEOS_DEPLOYMENT_TARGET = 15.2;
				MARKETING_VERSION = 1.0;
				PRODUCT_BUNDLE_IDENTIFIER = songjk.dev.PlanShareTests;
				PRODUCT_NAME = "$(TARGET_NAME)";
				SWIFT_EMIT_LOC_STRINGS = NO;
				SWIFT_VERSION = 5.0;
				TARGETED_DEVICE_FAMILY = "1,2";
				TEST_HOST = "$(BUILT_PRODUCTS_DIR)/PlanShare.app/PlanShare";
			};
			name = Debug;
		};
		480E00F92788351700EEA4E6 /* Release */ = {
			isa = XCBuildConfiguration;
			buildSettings = {
				ALWAYS_EMBED_SWIFT_STANDARD_LIBRARIES = YES;
				BUNDLE_LOADER = "$(TEST_HOST)";
				CODE_SIGN_STYLE = Automatic;
				CURRENT_PROJECT_VERSION = 1;
				DEVELOPMENT_TEAM = 78X32W2D44;
				GENERATE_INFOPLIST_FILE = YES;
				IPHONEOS_DEPLOYMENT_TARGET = 15.2;
				MARKETING_VERSION = 1.0;
				PRODUCT_BUNDLE_IDENTIFIER = songjk.dev.PlanShareTests;
				PRODUCT_NAME = "$(TARGET_NAME)";
				SWIFT_EMIT_LOC_STRINGS = NO;
				SWIFT_VERSION = 5.0;
				TARGETED_DEVICE_FAMILY = "1,2";
				TEST_HOST = "$(BUILT_PRODUCTS_DIR)/PlanShare.app/PlanShare";
			};
			name = Release;
		};
		480E00FB2788351700EEA4E6 /* Debug */ = {
			isa = XCBuildConfiguration;
			buildSettings = {
				ALWAYS_EMBED_SWIFT_STANDARD_LIBRARIES = YES;
				CODE_SIGN_STYLE = Automatic;
				CURRENT_PROJECT_VERSION = 1;
				GENERATE_INFOPLIST_FILE = YES;
				MARKETING_VERSION = 1.0;
				PRODUCT_BUNDLE_IDENTIFIER = songjk.dev.PlanShareUITests;
				PRODUCT_NAME = "$(TARGET_NAME)";
				SWIFT_EMIT_LOC_STRINGS = NO;
				SWIFT_VERSION = 5.0;
				TARGETED_DEVICE_FAMILY = "1,2";
				TEST_TARGET_NAME = PlanShare;
			};
			name = Debug;
		};
		480E00FC2788351700EEA4E6 /* Release */ = {
			isa = XCBuildConfiguration;
			buildSettings = {
				ALWAYS_EMBED_SWIFT_STANDARD_LIBRARIES = YES;
				CODE_SIGN_STYLE = Automatic;
				CURRENT_PROJECT_VERSION = 1;
				GENERATE_INFOPLIST_FILE = YES;
				MARKETING_VERSION = 1.0;
				PRODUCT_BUNDLE_IDENTIFIER = songjk.dev.PlanShareUITests;
				PRODUCT_NAME = "$(TARGET_NAME)";
				SWIFT_EMIT_LOC_STRINGS = NO;
				SWIFT_VERSION = 5.0;
				TARGETED_DEVICE_FAMILY = "1,2";
				TEST_TARGET_NAME = PlanShare;
			};
			name = Release;
		};
/* End XCBuildConfiguration section */

/* Begin XCConfigurationList section */
		480E00C22788351400EEA4E6 /* Build configuration list for PBXProject "PlanShare" */ = {
			isa = XCConfigurationList;
			buildConfigurations = (
				480E00F22788351700EEA4E6 /* Debug */,
				480E00F32788351700EEA4E6 /* Release */,
			);
			defaultConfigurationIsVisible = 0;
			defaultConfigurationName = Release;
		};
		480E00F42788351700EEA4E6 /* Build configuration list for PBXNativeTarget "PlanShare" */ = {
			isa = XCConfigurationList;
			buildConfigurations = (
				480E00F52788351700EEA4E6 /* Debug */,
				480E00F62788351700EEA4E6 /* Release */,
			);
			defaultConfigurationIsVisible = 0;
			defaultConfigurationName = Release;
		};
		480E00F72788351700EEA4E6 /* Build configuration list for PBXNativeTarget "PlanShareTests" */ = {
			isa = XCConfigurationList;
			buildConfigurations = (
				480E00F82788351700EEA4E6 /* Debug */,
				480E00F92788351700EEA4E6 /* Release */,
			);
			defaultConfigurationIsVisible = 0;
			defaultConfigurationName = Release;
		};
		480E00FA2788351700EEA4E6 /* Build configuration list for PBXNativeTarget "PlanShareUITests" */ = {
			isa = XCConfigurationList;
			buildConfigurations = (
				480E00FB2788351700EEA4E6 /* Debug */,
				480E00FC2788351700EEA4E6 /* Release */,
			);
			defaultConfigurationIsVisible = 0;
			defaultConfigurationName = Release;
		};
/* End XCConfigurationList section */

/* Begin XCRemoteSwiftPackageReference section */
		4807901E27973D6C00FB6F9B /* XCRemoteSwiftPackageReference "Then" */ = {
			isa = XCRemoteSwiftPackageReference;
			repositoryURL = "https://github.com/devxoul/Then";
			requirement = {
				kind = upToNextMajorVersion;
				minimumVersion = 2.0.0;
			};
		};
		483EE867278957A60030DE1B /* XCRemoteSwiftPackageReference "KakaoSDK" */ = {
			isa = XCRemoteSwiftPackageReference;
			repositoryURL = "https://github.com/elppaaa/KakaoSDK";
			requirement = {
				kind = upToNextMajorVersion;
				minimumVersion = 2.0.0;
			};
		};
		483EE86E27895D4A0030DE1B /* XCRemoteSwiftPackageReference "RxKakaoSDK" */ = {
			isa = XCRemoteSwiftPackageReference;
			repositoryURL = "https://github.com/elppaaa/RxKakaoSDK";
			requirement = {
				branch = test;
				kind = branch;
			};
		};
		483EE91C278C272F0030DE1B /* XCRemoteSwiftPackageReference "RIBs" */ = {
			isa = XCRemoteSwiftPackageReference;
			repositoryURL = "https://github.com/uber/RIBs.git";
			requirement = {
				kind = upToNextMajorVersion;
				minimumVersion = 0.9.2;
			};
		};
		483EE938278C32F60030DE1B /* XCRemoteSwiftPackageReference "FlexLayout" */ = {
			isa = XCRemoteSwiftPackageReference;
			repositoryURL = "https://github.com/layoutBox/FlexLayout";
			requirement = {
				kind = upToNextMajorVersion;
				minimumVersion = 1.0.0;
			};
		};
		483EE93F278C33A20030DE1B /* XCRemoteSwiftPackageReference "PinLayout" */ = {
			isa = XCRemoteSwiftPackageReference;
			repositoryURL = "https://github.com/layoutBox/PinLayout";
			requirement = {
				kind = upToNextMajorVersion;
				minimumVersion = 1.0.0;
			};
		};
		48716A3C278856BE00D24722 /* XCRemoteSwiftPackageReference "GoogleMaps-SP" */ = {
			isa = XCRemoteSwiftPackageReference;
			repositoryURL = "https://github.com/YAtechnologies/GoogleMaps-SP.git";
			requirement = {
				kind = upToNextMajorVersion;
				minimumVersion = 6.0.0;
			};
		};
		48716A4327885C2400D24722 /* XCRemoteSwiftPackageReference "firebase-ios-sdk" */ = {
			isa = XCRemoteSwiftPackageReference;
			repositoryURL = "https://github.com/firebase/firebase-ios-sdk.git";
			requirement = {
				kind = upToNextMajorVersion;
				minimumVersion = 8.0.0;
			};
		};
		487C7A1E2788700B00F1528B /* XCRemoteSwiftPackageReference "RxSwift" */ = {
			isa = XCRemoteSwiftPackageReference;
			repositoryURL = "https://github.com/ReactiveX/RxSwift.git";
			requirement = {
				kind = upToNextMajorVersion;
				minimumVersion = 6.0.0;
			};
		};
		48A2A14F2799EEA200E735D8 /* XCRemoteSwiftPackageReference "RxGesture" */ = {
			isa = XCRemoteSwiftPackageReference;
			repositoryURL = "https://github.com/RxSwiftCommunity/RxGesture.git";
			requirement = {
				kind = upToNextMajorVersion;
				minimumVersion = 4.0.0;
			};
		};
/* End XCRemoteSwiftPackageReference section */

/* Begin XCSwiftPackageProductDependency section */
		4807901F27973D6C00FB6F9B /* Then */ = {
			isa = XCSwiftPackageProductDependency;
			package = 4807901E27973D6C00FB6F9B /* XCRemoteSwiftPackageReference "Then" */;
			productName = Then;
		};
		483CAAC1278E88C100749657 /* FirebaseDatabase */ = {
			isa = XCSwiftPackageProductDependency;
			package = 48716A4327885C2400D24722 /* XCRemoteSwiftPackageReference "firebase-ios-sdk" */;
			productName = FirebaseDatabase;
		};
		483CAAC7278EE56100749657 /* FirebaseFirestoreSwift-Beta */ = {
			isa = XCSwiftPackageProductDependency;
			package = 48716A4327885C2400D24722 /* XCRemoteSwiftPackageReference "firebase-ios-sdk" */;
			productName = "FirebaseFirestoreSwift-Beta";
		};
		483EE868278957A60030DE1B /* KakaoSDKCommon */ = {
			isa = XCSwiftPackageProductDependency;
			package = 483EE867278957A60030DE1B /* XCRemoteSwiftPackageReference "KakaoSDK" */;
			productName = KakaoSDKCommon;
		};
		483EE86A278957A60030DE1B /* KakaoSDKLink */ = {
			isa = XCSwiftPackageProductDependency;
			package = 483EE867278957A60030DE1B /* XCRemoteSwiftPackageReference "KakaoSDK" */;
			productName = KakaoSDKLink;
		};
		483EE86C278957A60030DE1B /* KakaoSDKTemplate */ = {
			isa = XCSwiftPackageProductDependency;
			package = 483EE867278957A60030DE1B /* XCRemoteSwiftPackageReference "KakaoSDK" */;
			productName = KakaoSDKTemplate;
		};
		483EE86F27895D4A0030DE1B /* RxKakaoSDKCommon */ = {
			isa = XCSwiftPackageProductDependency;
			package = 483EE86E27895D4A0030DE1B /* XCRemoteSwiftPackageReference "RxKakaoSDK" */;
			productName = RxKakaoSDKCommon;
		};
		483EE87127895D4A0030DE1B /* RxKakaoSDKLink */ = {
			isa = XCSwiftPackageProductDependency;
			package = 483EE86E27895D4A0030DE1B /* XCRemoteSwiftPackageReference "RxKakaoSDK" */;
			productName = RxKakaoSDKLink;
		};
		483EE91D278C272F0030DE1B /* RIBs */ = {
			isa = XCSwiftPackageProductDependency;
			package = 483EE91C278C272F0030DE1B /* XCRemoteSwiftPackageReference "RIBs" */;
			productName = RIBs;
		};
		483EE939278C32F60030DE1B /* FlexLayout */ = {
			isa = XCSwiftPackageProductDependency;
			package = 483EE938278C32F60030DE1B /* XCRemoteSwiftPackageReference "FlexLayout" */;
			productName = FlexLayout;
		};
		483EE93B278C32F60030DE1B /* FlexLayoutYoga */ = {
			isa = XCSwiftPackageProductDependency;
			package = 483EE938278C32F60030DE1B /* XCRemoteSwiftPackageReference "FlexLayout" */;
			productName = FlexLayoutYoga;
		};
		483EE93D278C32F60030DE1B /* FlexLayoutYogaKit */ = {
			isa = XCSwiftPackageProductDependency;
			package = 483EE938278C32F60030DE1B /* XCRemoteSwiftPackageReference "FlexLayout" */;
			productName = FlexLayoutYogaKit;
		};
		483EE940278C33A20030DE1B /* PinLayout */ = {
			isa = XCSwiftPackageProductDependency;
			package = 483EE93F278C33A20030DE1B /* XCRemoteSwiftPackageReference "PinLayout" */;
			productName = PinLayout;
		};
		48716A3D278856BF00D24722 /* GooglePlaces */ = {
			isa = XCSwiftPackageProductDependency;
			package = 48716A3C278856BE00D24722 /* XCRemoteSwiftPackageReference "GoogleMaps-SP" */;
			productName = GooglePlaces;
		};
		48716A4427885C2400D24722 /* FirebaseDynamicLinks */ = {
			isa = XCSwiftPackageProductDependency;
			package = 48716A4327885C2400D24722 /* XCRemoteSwiftPackageReference "firebase-ios-sdk" */;
			productName = FirebaseDynamicLinks;
		};
		48716A4627885C2400D24722 /* FirebaseFirestore */ = {
			isa = XCSwiftPackageProductDependency;
			package = 48716A4327885C2400D24722 /* XCRemoteSwiftPackageReference "firebase-ios-sdk" */;
			productName = FirebaseFirestore;
		};
		487C7A1F2788700B00F1528B /* RxBlocking */ = {
			isa = XCSwiftPackageProductDependency;
			package = 487C7A1E2788700B00F1528B /* XCRemoteSwiftPackageReference "RxSwift" */;
			productName = RxBlocking;
		};
		487C7A212788700B00F1528B /* RxCocoa */ = {
			isa = XCSwiftPackageProductDependency;
			package = 487C7A1E2788700B00F1528B /* XCRemoteSwiftPackageReference "RxSwift" */;
			productName = RxCocoa;
		};
		487C7A232788700B00F1528B /* RxRelay */ = {
			isa = XCSwiftPackageProductDependency;
			package = 487C7A1E2788700B00F1528B /* XCRemoteSwiftPackageReference "RxSwift" */;
			productName = RxRelay;
		};
		487C7A252788700B00F1528B /* RxSwift */ = {
			isa = XCSwiftPackageProductDependency;
			package = 487C7A1E2788700B00F1528B /* XCRemoteSwiftPackageReference "RxSwift" */;
			productName = RxSwift;
		};
		487C7A272788700B00F1528B /* RxTest */ = {
			isa = XCSwiftPackageProductDependency;
			package = 487C7A1E2788700B00F1528B /* XCRemoteSwiftPackageReference "RxSwift" */;
			productName = RxTest;
		};
		48A2A1502799EEA200E735D8 /* RxGesture */ = {
			isa = XCSwiftPackageProductDependency;
			package = 48A2A14F2799EEA200E735D8 /* XCRemoteSwiftPackageReference "RxGesture" */;
			productName = RxGesture;
		};
/* End XCSwiftPackageProductDependency section */
	};
	rootObject = 480E00BF2788351400EEA4E6 /* Project object */;
}
